
Microsoft Visual Studio Solution File, Format Version 12.00
# Visual Studio 14
VisualStudioVersion = 14.0.25420.1
MinimumVisualStudioVersion = 10.0.40219.1
Project("{FAE04EC0-301F-11D3-BF4B-00C04F79EFBC}") = "电子族谱管理系统", "电子族谱管理系统\电子族谱管理系统.csproj", "{90527160-D610-4E7E-BD1E-C4F8EEA6883E}"
EndProject
Global
	GlobalSection(SolutionConfigurationPlatforms) = preSolution
		Debug|Any CPU = Debug|Any CPU
		Release|Any CPU = Release|Any CPU
	EndGlobalSection
	GlobalSection(ProjectConfigurationPlatforms) = postSolution
		{90527160-D610-4E7E-BD1E-C4F8EEA6883E}.Debug|Any CPU.ActiveCfg = Debug|Any CPU
		{90527160-D610-4E7E-BD1E-C4F8EEA6883E}.Debug|Any CPU.Build.0 = Debug|Any CPU
		{90527160-D610-4E7E-BD1E-C4F8EEA6883E}.Release|Any CPU.ActiveCfg = Release|Any CPU
		{90527160-D610-4E7E-BD1E-C4F8EEA6883E}.Release|Any CPU.Build.0 = Release|Any CPU
	EndGlobalSection
	GlobalSection(SolutionProperties) = preSolution
		HideSolutionNode = FALSE
	EndGlobalSection
EndGlobal
